// !$*UTF8*$!
{
	archiveVersion = 1;
	classes = {
	};
	objectVersion = 50;
	objects = {

/* Begin PBXBuildFile section */
		4C7680C424E1548F00ACBEDB /* DataPacketImage.swift in Sources */ = {isa = PBXBuildFile; fileRef = 4C7680C324E1548F00ACBEDB /* DataPacketImage.swift */; };
		4C7680C824E278E500ACBEDB /* Queue.swift in Sources */ = {isa = PBXBuildFile; fileRef = 4C7680C724E278E500ACBEDB /* Queue.swift */; };
		4C820F5A24B5E379004A8229 /* NestedQRCodeGenerator.swift in Sources */ = {isa = PBXBuildFile; fileRef = 4C820F5924B5E379004A8229 /* NestedQRCodeGenerator.swift */; };
		4C8C46A924B6056800113A51 /* MetalRenderView.swift in Sources */ = {isa = PBXBuildFile; fileRef = 4C8C46A824B6056800113A51 /* MetalRenderView.swift */; };
		4C8C46AB24B6F69700113A51 /* DataPacket.swift in Sources */ = {isa = PBXBuildFile; fileRef = 4C8C46AA24B6F69700113A51 /* DataPacket.swift */; };
		4C8E2C5C24D1996E00499777 /* QRCodeInformation.swift in Sources */ = {isa = PBXBuildFile; fileRef = 4C8E2C5B24D1996E00499777 /* QRCodeInformation.swift */; };
		4C90A92324E0558B00B32815 /* Array+.swift in Sources */ = {isa = PBXBuildFile; fileRef = 4C90A92224E0558B00B32815 /* Array+.swift */; };
		4C9A2A3924DEC59B00F6C6A1 /* UIViewController+.swift in Sources */ = {isa = PBXBuildFile; fileRef = 4C9A2A3824DEC59B00F6C6A1 /* UIViewController+.swift */; };
		4C9A2A3D24DEDD2B00F6C6A1 /* BinaryArchiver.swift in Sources */ = {isa = PBXBuildFile; fileRef = 4C9A2A3C24DEDD2B00F6C6A1 /* BinaryArchiver.swift */; };
		4C9A2A3F24DEDD5600F6C6A1 /* BinaryUnarchiver.swift in Sources */ = {isa = PBXBuildFile; fileRef = 4C9A2A3E24DEDD5600F6C6A1 /* BinaryUnarchiver.swift */; };
		4CA7CDAC24D6AB6E00EC82E1 /* SendSettingsViewController.swift in Sources */ = {isa = PBXBuildFile; fileRef = 4CA7CDAB24D6AB6E00EC82E1 /* SendSettingsViewController.swift */; };
		4CA7CDB024D6D86700EC82E1 /* UserDefault.swift in Sources */ = {isa = PBXBuildFile; fileRef = 4CA7CDAF24D6D86700EC82E1 /* UserDefault.swift */; };
		4CA7CDB224D6E04B00EC82E1 /* UserDefaultsEnum.swift in Sources */ = {isa = PBXBuildFile; fileRef = 4CA7CDB124D6E04B00EC82E1 /* UserDefaultsEnum.swift */; };
		4CAB37BD24DD872300B043CC /* String+.swift in Sources */ = {isa = PBXBuildFile; fileRef = 4CAB37BC24DD872300B043CC /* String+.swift */; };
		4CAB37C124DE6ED400B043CC /* HistogramFilter.swift in Sources */ = {isa = PBXBuildFile; fileRef = 4CAB37C024DE6ED400B043CC /* HistogramFilter.swift */; };
		4CC1A20524B7421F00A2CE62 /* MetadataPacket.swift in Sources */ = {isa = PBXBuildFile; fileRef = 4CC1A20424B7421F00A2CE62 /* MetadataPacket.swift */; };
		4CC1A20824B7423B00A2CE62 /* Data+.swift in Sources */ = {isa = PBXBuildFile; fileRef = 4CC1A20724B7423B00A2CE62 /* Data+.swift */; };
		4CC1A20A24B7427200A2CE62 /* CIQRCodeDescriptor+.swift in Sources */ = {isa = PBXBuildFile; fileRef = 4CC1A20924B7427200A2CE62 /* CIQRCodeDescriptor+.swift */; };
		4CC1A20D24B74C9700A2CE62 /* Alice's Adventures in Wonderland.txt in Resources */ = {isa = PBXBuildFile; fileRef = 4CC1A20C24B74C9700A2CE62 /* Alice's Adventures in Wonderland.txt */; };
		4CD8850324D944DB0076AFA3 /* ReceiveSettingsViewController.swift in Sources */ = {isa = PBXBuildFile; fileRef = 4CD8850224D944DB0076AFA3 /* ReceiveSettingsViewController.swift */; };
		4CE9163724B448CD005F391A /* AppDelegate.swift in Sources */ = {isa = PBXBuildFile; fileRef = 4CE9163624B448CD005F391A /* AppDelegate.swift */; };
		4CE9163924B448CD005F391A /* SceneDelegate.swift in Sources */ = {isa = PBXBuildFile; fileRef = 4CE9163824B448CD005F391A /* SceneDelegate.swift */; };
		4CE9163B24B448CD005F391A /* ReceiveViewController.swift in Sources */ = {isa = PBXBuildFile; fileRef = 4CE9163A24B448CD005F391A /* ReceiveViewController.swift */; };
		4CE9163D24B448CD005F391A /* SendViewController.swift in Sources */ = {isa = PBXBuildFile; fileRef = 4CE9163C24B448CD005F391A /* SendViewController.swift */; };
		4CE9164024B448CD005F391A /* Main.storyboard in Resources */ = {isa = PBXBuildFile; fileRef = 4CE9163E24B448CD005F391A /* Main.storyboard */; };
		4CE9164224B448D0005F391A /* Assets.xcassets in Resources */ = {isa = PBXBuildFile; fileRef = 4CE9164124B448D0005F391A /* Assets.xcassets */; };
		4CE9164524B448D0005F391A /* LaunchScreen.storyboard in Resources */ = {isa = PBXBuildFile; fileRef = 4CE9164324B448D0005F391A /* LaunchScreen.storyboard */; };
		4CE9165024B448D0005F391A /* PrometheusTests.swift in Sources */ = {isa = PBXBuildFile; fileRef = 4CE9164F24B448D0005F391A /* PrometheusTests.swift */; };
		4CE9165B24B448D0005F391A /* PrometheusUITests.swift in Sources */ = {isa = PBXBuildFile; fileRef = 4CE9165A24B448D0005F391A /* PrometheusUITests.swift */; };
		4CE9166924B45A0C005F391A /* PreviewView.swift in Sources */ = {isa = PBXBuildFile; fileRef = 4CE9166824B45A0C005F391A /* PreviewView.swift */; };
/* End PBXBuildFile section */

/* Begin PBXContainerItemProxy section */
		4CE9164C24B448D0005F391A /* PBXContainerItemProxy */ = {
			isa = PBXContainerItemProxy;
			containerPortal = 4CE9162B24B448CD005F391A /* Project object */;
			proxyType = 1;
			remoteGlobalIDString = 4CE9163224B448CD005F391A;
			remoteInfo = Prometheus;
		};
		4CE9165724B448D0005F391A /* PBXContainerItemProxy */ = {
			isa = PBXContainerItemProxy;
			containerPortal = 4CE9162B24B448CD005F391A /* Project object */;
			proxyType = 1;
			remoteGlobalIDString = 4CE9163224B448CD005F391A;
			remoteInfo = Prometheus;
		};
/* End PBXContainerItemProxy section */

/* Begin PBXFileReference section */
		4C7680C324E1548F00ACBEDB /* DataPacketImage.swift */ = {isa = PBXFileReference; lastKnownFileType = sourcecode.swift; path = DataPacketImage.swift; sourceTree = "<group>"; };
		4C7680C724E278E500ACBEDB /* Queue.swift */ = {isa = PBXFileReference; lastKnownFileType = sourcecode.swift; path = Queue.swift; sourceTree = "<group>"; };
		4C820F5924B5E379004A8229 /* NestedQRCodeGenerator.swift */ = {isa = PBXFileReference; lastKnownFileType = sourcecode.swift; path = NestedQRCodeGenerator.swift; sourceTree = "<group>"; };
		4C8C46A824B6056800113A51 /* MetalRenderView.swift */ = {isa = PBXFileReference; lastKnownFileType = sourcecode.swift; path = MetalRenderView.swift; sourceTree = "<group>"; };
		4C8C46AA24B6F69700113A51 /* DataPacket.swift */ = {isa = PBXFileReference; lastKnownFileType = sourcecode.swift; path = DataPacket.swift; sourceTree = "<group>"; };
		4C8E2C5B24D1996E00499777 /* QRCodeInformation.swift */ = {isa = PBXFileReference; lastKnownFileType = sourcecode.swift; path = QRCodeInformation.swift; sourceTree = "<group>"; };
		4C90A92224E0558B00B32815 /* Array+.swift */ = {isa = PBXFileReference; lastKnownFileType = sourcecode.swift; path = "Array+.swift"; sourceTree = "<group>"; };
		4C9A2A3824DEC59B00F6C6A1 /* UIViewController+.swift */ = {isa = PBXFileReference; lastKnownFileType = sourcecode.swift; path = "UIViewController+.swift"; sourceTree = "<group>"; };
		4C9A2A3C24DEDD2B00F6C6A1 /* BinaryArchiver.swift */ = {isa = PBXFileReference; lastKnownFileType = sourcecode.swift; path = BinaryArchiver.swift; sourceTree = "<group>"; };
		4C9A2A3E24DEDD5600F6C6A1 /* BinaryUnarchiver.swift */ = {isa = PBXFileReference; lastKnownFileType = sourcecode.swift; path = BinaryUnarchiver.swift; sourceTree = "<group>"; };
		4CA7CDAB24D6AB6E00EC82E1 /* SendSettingsViewController.swift */ = {isa = PBXFileReference; lastKnownFileType = sourcecode.swift; path = SendSettingsViewController.swift; sourceTree = "<group>"; };
		4CA7CDAF24D6D86700EC82E1 /* UserDefault.swift */ = {isa = PBXFileReference; lastKnownFileType = sourcecode.swift; path = UserDefault.swift; sourceTree = "<group>"; };
		4CA7CDB124D6E04B00EC82E1 /* UserDefaultsEnum.swift */ = {isa = PBXFileReference; lastKnownFileType = sourcecode.swift; path = UserDefaultsEnum.swift; sourceTree = "<group>"; };
		4CAB37BC24DD872300B043CC /* String+.swift */ = {isa = PBXFileReference; lastKnownFileType = sourcecode.swift; path = "String+.swift"; sourceTree = "<group>"; };
		4CAB37C024DE6ED400B043CC /* HistogramFilter.swift */ = {isa = PBXFileReference; lastKnownFileType = sourcecode.swift; path = HistogramFilter.swift; sourceTree = "<group>"; };
		4CC1A20424B7421F00A2CE62 /* MetadataPacket.swift */ = {isa = PBXFileReference; lastKnownFileType = sourcecode.swift; path = MetadataPacket.swift; sourceTree = "<group>"; };
		4CC1A20724B7423B00A2CE62 /* Data+.swift */ = {isa = PBXFileReference; lastKnownFileType = sourcecode.swift; path = "Data+.swift"; sourceTree = "<group>"; };
		4CC1A20924B7427200A2CE62 /* CIQRCodeDescriptor+.swift */ = {isa = PBXFileReference; lastKnownFileType = sourcecode.swift; path = "CIQRCodeDescriptor+.swift"; sourceTree = "<group>"; };
		4CC1A20C24B74C9700A2CE62 /* Alice's Adventures in Wonderland.txt */ = {isa = PBXFileReference; fileEncoding = 4; lastKnownFileType = text; path = "Alice's Adventures in Wonderland.txt"; sourceTree = "<group>"; };
		4CD8850224D944DB0076AFA3 /* ReceiveSettingsViewController.swift */ = {isa = PBXFileReference; lastKnownFileType = sourcecode.swift; path = ReceiveSettingsViewController.swift; sourceTree = "<group>"; };
		4CE9163324B448CD005F391A /* Prometheus.app */ = {isa = PBXFileReference; explicitFileType = wrapper.application; includeInIndex = 0; path = Prometheus.app; sourceTree = BUILT_PRODUCTS_DIR; };
		4CE9163624B448CD005F391A /* AppDelegate.swift */ = {isa = PBXFileReference; lastKnownFileType = sourcecode.swift; path = AppDelegate.swift; sourceTree = "<group>"; };
		4CE9163824B448CD005F391A /* SceneDelegate.swift */ = {isa = PBXFileReference; lastKnownFileType = sourcecode.swift; path = SceneDelegate.swift; sourceTree = "<group>"; };
		4CE9163A24B448CD005F391A /* ReceiveViewController.swift */ = {isa = PBXFileReference; lastKnownFileType = sourcecode.swift; path = ReceiveViewController.swift; sourceTree = "<group>"; };
		4CE9163C24B448CD005F391A /* SendViewController.swift */ = {isa = PBXFileReference; lastKnownFileType = sourcecode.swift; path = SendViewController.swift; sourceTree = "<group>"; };
		4CE9163F24B448CD005F391A /* Base */ = {isa = PBXFileReference; lastKnownFileType = file.storyboard; name = Base; path = Base.lproj/Main.storyboard; sourceTree = "<group>"; };
		4CE9164124B448D0005F391A /* Assets.xcassets */ = {isa = PBXFileReference; lastKnownFileType = folder.assetcatalog; path = Assets.xcassets; sourceTree = "<group>"; };
		4CE9164424B448D0005F391A /* Base */ = {isa = PBXFileReference; lastKnownFileType = file.storyboard; name = Base; path = Base.lproj/LaunchScreen.storyboard; sourceTree = "<group>"; };
		4CE9164624B448D0005F391A /* Info.plist */ = {isa = PBXFileReference; lastKnownFileType = text.plist.xml; path = Info.plist; sourceTree = "<group>"; };
		4CE9164B24B448D0005F391A /* PrometheusTests.xctest */ = {isa = PBXFileReference; explicitFileType = wrapper.cfbundle; includeInIndex = 0; path = PrometheusTests.xctest; sourceTree = BUILT_PRODUCTS_DIR; };
		4CE9164F24B448D0005F391A /* PrometheusTests.swift */ = {isa = PBXFileReference; lastKnownFileType = sourcecode.swift; path = PrometheusTests.swift; sourceTree = "<group>"; };
		4CE9165124B448D0005F391A /* Info.plist */ = {isa = PBXFileReference; lastKnownFileType = text.plist.xml; path = Info.plist; sourceTree = "<group>"; };
		4CE9165624B448D0005F391A /* PrometheusUITests.xctest */ = {isa = PBXFileReference; explicitFileType = wrapper.cfbundle; includeInIndex = 0; path = PrometheusUITests.xctest; sourceTree = BUILT_PRODUCTS_DIR; };
		4CE9165A24B448D0005F391A /* PrometheusUITests.swift */ = {isa = PBXFileReference; lastKnownFileType = sourcecode.swift; path = PrometheusUITests.swift; sourceTree = "<group>"; };
		4CE9165C24B448D0005F391A /* Info.plist */ = {isa = PBXFileReference; lastKnownFileType = text.plist.xml; path = Info.plist; sourceTree = "<group>"; };
		4CE9166824B45A0C005F391A /* PreviewView.swift */ = {isa = PBXFileReference; lastKnownFileType = sourcecode.swift; path = PreviewView.swift; sourceTree = "<group>"; };
/* End PBXFileReference section */

/* Begin PBXFrameworksBuildPhase section */
		4CE9163024B448CD005F391A /* Frameworks */ = {
			isa = PBXFrameworksBuildPhase;
			buildActionMask = 2147483647;
			files = (
			);
			runOnlyForDeploymentPostprocessing = 0;
		};
		4CE9164824B448D0005F391A /* Frameworks */ = {
			isa = PBXFrameworksBuildPhase;
			buildActionMask = 2147483647;
			files = (
			);
			runOnlyForDeploymentPostprocessing = 0;
		};
		4CE9165324B448D0005F391A /* Frameworks */ = {
			isa = PBXFrameworksBuildPhase;
			buildActionMask = 2147483647;
			files = (
			);
			runOnlyForDeploymentPostprocessing = 0;
		};
/* End PBXFrameworksBuildPhase section */

/* Begin PBXGroup section */
		4CC1A20624B7423100A2CE62 /* Extensions */ = {
			isa = PBXGroup;
			children = (
				4CC1A20724B7423B00A2CE62 /* Data+.swift */,
				4C90A92224E0558B00B32815 /* Array+.swift */,
				4CAB37BC24DD872300B043CC /* String+.swift */,
				4C9A2A3824DEC59B00F6C6A1 /* UIViewController+.swift */,
				4CC1A20924B7427200A2CE62 /* CIQRCodeDescriptor+.swift */,
			);
			path = Extensions;
			sourceTree = "<group>";
		};
		4CC1A20B24B74C8100A2CE62 /* Example Files */ = {
			isa = PBXGroup;
			children = (
				4CC1A20C24B74C9700A2CE62 /* Alice's Adventures in Wonderland.txt */,
			);
			path = "Example Files";
			sourceTree = "<group>";
		};
		4CC1A20E24B74CCA00A2CE62 /* Packets */ = {
			isa = PBXGroup;
			children = (
				4CC1A20424B7421F00A2CE62 /* MetadataPacket.swift */,
				4C8C46AA24B6F69700113A51 /* DataPacket.swift */,
				4C9A2A3C24DEDD2B00F6C6A1 /* BinaryArchiver.swift */,
				4C9A2A3E24DEDD5600F6C6A1 /* BinaryUnarchiver.swift */,
			);
			path = Packets;
			sourceTree = "<group>";
		};
		4CE9162A24B448CD005F391A = {
			isa = PBXGroup;
			children = (
				4CE9163524B448CD005F391A /* Prometheus */,
				4CE9164E24B448D0005F391A /* PrometheusTests */,
				4CE9165924B448D0005F391A /* PrometheusUITests */,
				4CE9163424B448CD005F391A /* Products */,
			);
			sourceTree = "<group>";
		};
		4CE9163424B448CD005F391A /* Products */ = {
			isa = PBXGroup;
			children = (
				4CE9163324B448CD005F391A /* Prometheus.app */,
				4CE9164B24B448D0005F391A /* PrometheusTests.xctest */,
				4CE9165624B448D0005F391A /* PrometheusUITests.xctest */,
			);
			name = Products;
			sourceTree = "<group>";
		};
		4CE9163524B448CD005F391A /* Prometheus */ = {
			isa = PBXGroup;
			children = (
				4CE9163624B448CD005F391A /* AppDelegate.swift */,
				4CE9163824B448CD005F391A /* SceneDelegate.swift */,
				4CA7CDAF24D6D86700EC82E1 /* UserDefault.swift */,
				4CA7CDB124D6E04B00EC82E1 /* UserDefaultsEnum.swift */,
				4CD8850224D944DB0076AFA3 /* ReceiveSettingsViewController.swift */,
				4CE9163A24B448CD005F391A /* ReceiveViewController.swift */,
				4CA7CDAB24D6AB6E00EC82E1 /* SendSettingsViewController.swift */,
				4CE9163C24B448CD005F391A /* SendViewController.swift */,
				4C7680C324E1548F00ACBEDB /* DataPacketImage.swift */,
				4C7680C724E278E500ACBEDB /* Queue.swift */,
				4CAB37C024DE6ED400B043CC /* HistogramFilter.swift */,
				4CE9166824B45A0C005F391A /* PreviewView.swift */,
				4C8C46A824B6056800113A51 /* MetalRenderView.swift */,
				4C820F5924B5E379004A8229 /* NestedQRCodeGenerator.swift */,
				4C8E2C5B24D1996E00499777 /* QRCodeInformation.swift */,
				4CC1A20E24B74CCA00A2CE62 /* Packets */,
				4CC1A20624B7423100A2CE62 /* Extensions */,
				4CC1A20B24B74C8100A2CE62 /* Example Files */,
				4CE9164124B448D0005F391A /* Assets.xcassets */,
				4CE9163E24B448CD005F391A /* Main.storyboard */,
				4CE9164324B448D0005F391A /* LaunchScreen.storyboard */,
				4CE9164624B448D0005F391A /* Info.plist */,
			);
			path = Prometheus;
			sourceTree = "<group>";
		};
		4CE9164E24B448D0005F391A /* PrometheusTests */ = {
			isa = PBXGroup;
			children = (
				4CE9164F24B448D0005F391A /* PrometheusTests.swift */,
				4CE9165124B448D0005F391A /* Info.plist */,
			);
			path = PrometheusTests;
			sourceTree = "<group>";
		};
		4CE9165924B448D0005F391A /* PrometheusUITests */ = {
			isa = PBXGroup;
			children = (
				4CE9165A24B448D0005F391A /* PrometheusUITests.swift */,
				4CE9165C24B448D0005F391A /* Info.plist */,
			);
			path = PrometheusUITests;
			sourceTree = "<group>";
		};
/* End PBXGroup section */

/* Begin PBXNativeTarget section */
		4CE9163224B448CD005F391A /* Prometheus */ = {
			isa = PBXNativeTarget;
			buildConfigurationList = 4CE9165F24B448D0005F391A /* Build configuration list for PBXNativeTarget "Prometheus" */;
			buildPhases = (
				4CE9162F24B448CD005F391A /* Sources */,
				4CE9163024B448CD005F391A /* Frameworks */,
				4CE9163124B448CD005F391A /* Resources */,
			);
			buildRules = (
			);
			dependencies = (
			);
			name = Prometheus;
			productName = Prometheus;
			productReference = 4CE9163324B448CD005F391A /* Prometheus.app */;
			productType = "com.apple.product-type.application";
		};
		4CE9164A24B448D0005F391A /* PrometheusTests */ = {
			isa = PBXNativeTarget;
			buildConfigurationList = 4CE9166224B448D0005F391A /* Build configuration list for PBXNativeTarget "PrometheusTests" */;
			buildPhases = (
				4CE9164724B448D0005F391A /* Sources */,
				4CE9164824B448D0005F391A /* Frameworks */,
				4CE9164924B448D0005F391A /* Resources */,
			);
			buildRules = (
			);
			dependencies = (
				4CE9164D24B448D0005F391A /* PBXTargetDependency */,
			);
			name = PrometheusTests;
			productName = PrometheusTests;
			productReference = 4CE9164B24B448D0005F391A /* PrometheusTests.xctest */;
			productType = "com.apple.product-type.bundle.unit-test";
		};
		4CE9165524B448D0005F391A /* PrometheusUITests */ = {
			isa = PBXNativeTarget;
			buildConfigurationList = 4CE9166524B448D0005F391A /* Build configuration list for PBXNativeTarget "PrometheusUITests" */;
			buildPhases = (
				4CE9165224B448D0005F391A /* Sources */,
				4CE9165324B448D0005F391A /* Frameworks */,
				4CE9165424B448D0005F391A /* Resources */,
			);
			buildRules = (
			);
			dependencies = (
				4CE9165824B448D0005F391A /* PBXTargetDependency */,
			);
			name = PrometheusUITests;
			productName = PrometheusUITests;
			productReference = 4CE9165624B448D0005F391A /* PrometheusUITests.xctest */;
			productType = "com.apple.product-type.bundle.ui-testing";
		};
/* End PBXNativeTarget section */

/* Begin PBXProject section */
		4CE9162B24B448CD005F391A /* Project object */ = {
			isa = PBXProject;
			attributes = {
				LastSwiftUpdateCheck = 1150;
				LastUpgradeCheck = 1150;
				ORGANIZATIONNAME = "PAN Weiheng";
				TargetAttributes = {
					4CE9163224B448CD005F391A = {
						CreatedOnToolsVersion = 11.5;
					};
					4CE9164A24B448D0005F391A = {
						CreatedOnToolsVersion = 11.5;
						TestTargetID = 4CE9163224B448CD005F391A;
					};
					4CE9165524B448D0005F391A = {
						CreatedOnToolsVersion = 11.5;
						TestTargetID = 4CE9163224B448CD005F391A;
					};
				};
			};
			buildConfigurationList = 4CE9162E24B448CD005F391A /* Build configuration list for PBXProject "Prometheus" */;
			compatibilityVersion = "Xcode 9.3";
			developmentRegion = en;
			hasScannedForEncodings = 0;
			knownRegions = (
				en,
				Base,
			);
			mainGroup = 4CE9162A24B448CD005F391A;
			productRefGroup = 4CE9163424B448CD005F391A /* Products */;
			projectDirPath = "";
			projectRoot = "";
			targets = (
				4CE9163224B448CD005F391A /* Prometheus */,
				4CE9164A24B448D0005F391A /* PrometheusTests */,
				4CE9165524B448D0005F391A /* PrometheusUITests */,
			);
		};
/* End PBXProject section */

/* Begin PBXResourcesBuildPhase section */
		4CE9163124B448CD005F391A /* Resources */ = {
			isa = PBXResourcesBuildPhase;
			buildActionMask = 2147483647;
			files = (
				4CC1A20D24B74C9700A2CE62 /* Alice's Adventures in Wonderland.txt in Resources */,
				4CE9164524B448D0005F391A /* LaunchScreen.storyboard in Resources */,
				4CE9164224B448D0005F391A /* Assets.xcassets in Resources */,
				4CE9164024B448CD005F391A /* Main.storyboard in Resources */,
			);
			runOnlyForDeploymentPostprocessing = 0;
		};
		4CE9164924B448D0005F391A /* Resources */ = {
			isa = PBXResourcesBuildPhase;
			buildActionMask = 2147483647;
			files = (
			);
			runOnlyForDeploymentPostprocessing = 0;
		};
		4CE9165424B448D0005F391A /* Resources */ = {
			isa = PBXResourcesBuildPhase;
			buildActionMask = 2147483647;
			files = (
			);
			runOnlyForDeploymentPostprocessing = 0;
		};
/* End PBXResourcesBuildPhase section */

/* Begin PBXSourcesBuildPhase section */
		4CE9162F24B448CD005F391A /* Sources */ = {
			isa = PBXSourcesBuildPhase;
			buildActionMask = 2147483647;
			files = (
				4CE9166924B45A0C005F391A /* PreviewView.swift in Sources */,
				4CE9163D24B448CD005F391A /* SendViewController.swift in Sources */,
				4C90A92324E0558B00B32815 /* Array+.swift in Sources */,
				4C9A2A3924DEC59B00F6C6A1 /* UIViewController+.swift in Sources */,
				4CA7CDB024D6D86700EC82E1 /* UserDefault.swift in Sources */,
				4CE9163B24B448CD005F391A /* ReceiveViewController.swift in Sources */,
				4C9A2A3D24DEDD2B00F6C6A1 /* BinaryArchiver.swift in Sources */,
				4CC1A20524B7421F00A2CE62 /* MetadataPacket.swift in Sources */,
				4C8C46A924B6056800113A51 /* MetalRenderView.swift in Sources */,
				4CE9163724B448CD005F391A /* AppDelegate.swift in Sources */,
				4CC1A20A24B7427200A2CE62 /* CIQRCodeDescriptor+.swift in Sources */,
				4CD8850324D944DB0076AFA3 /* ReceiveSettingsViewController.swift in Sources */,
				4C9A2A3F24DEDD5600F6C6A1 /* BinaryUnarchiver.swift in Sources */,
				4C7680C424E1548F00ACBEDB /* DataPacketImage.swift in Sources */,
				4C820F5A24B5E379004A8229 /* NestedQRCodeGenerator.swift in Sources */,
				4CAB37C124DE6ED400B043CC /* HistogramFilter.swift in Sources */,
				4C7680C824E278E500ACBEDB /* Queue.swift in Sources */,
				4CC1A20824B7423B00A2CE62 /* Data+.swift in Sources */,
				4CE9163924B448CD005F391A /* SceneDelegate.swift in Sources */,
				4CA7CDAC24D6AB6E00EC82E1 /* SendSettingsViewController.swift in Sources */,
				4CA7CDB224D6E04B00EC82E1 /* UserDefaultsEnum.swift in Sources */,
				4CAB37BD24DD872300B043CC /* String+.swift in Sources */,
				4C8E2C5C24D1996E00499777 /* QRCodeInformation.swift in Sources */,
				4C8C46AB24B6F69700113A51 /* DataPacket.swift in Sources */,
			);
			runOnlyForDeploymentPostprocessing = 0;
		};
		4CE9164724B448D0005F391A /* Sources */ = {
			isa = PBXSourcesBuildPhase;
			buildActionMask = 2147483647;
			files = (
				4CE9165024B448D0005F391A /* PrometheusTests.swift in Sources */,
			);
			runOnlyForDeploymentPostprocessing = 0;
		};
		4CE9165224B448D0005F391A /* Sources */ = {
			isa = PBXSourcesBuildPhase;
			buildActionMask = 2147483647;
			files = (
				4CE9165B24B448D0005F391A /* PrometheusUITests.swift in Sources */,
			);
			runOnlyForDeploymentPostprocessing = 0;
		};
/* End PBXSourcesBuildPhase section */

/* Begin PBXTargetDependency section */
		4CE9164D24B448D0005F391A /* PBXTargetDependency */ = {
			isa = PBXTargetDependency;
			target = 4CE9163224B448CD005F391A /* Prometheus */;
			targetProxy = 4CE9164C24B448D0005F391A /* PBXContainerItemProxy */;
		};
		4CE9165824B448D0005F391A /* PBXTargetDependency */ = {
			isa = PBXTargetDependency;
			target = 4CE9163224B448CD005F391A /* Prometheus */;
			targetProxy = 4CE9165724B448D0005F391A /* PBXContainerItemProxy */;
		};
/* End PBXTargetDependency section */

/* Begin PBXVariantGroup section */
		4CE9163E24B448CD005F391A /* Main.storyboard */ = {
			isa = PBXVariantGroup;
			children = (
				4CE9163F24B448CD005F391A /* Base */,
			);
			name = Main.storyboard;
			sourceTree = "<group>";
		};
		4CE9164324B448D0005F391A /* LaunchScreen.storyboard */ = {
			isa = PBXVariantGroup;
			children = (
				4CE9164424B448D0005F391A /* Base */,
			);
			name = LaunchScreen.storyboard;
			sourceTree = "<group>";
		};
/* End PBXVariantGroup section */

/* Begin XCBuildConfiguration section */
		4CE9165D24B448D0005F391A /* Debug */ = {
			isa = XCBuildConfiguration;
			buildSettings = {
				ALWAYS_SEARCH_USER_PATHS = NO;
				CLANG_ANALYZER_NONNULL = YES;
				CLANG_ANALYZER_NUMBER_OBJECT_CONVERSION = YES_AGGRESSIVE;
				CLANG_CXX_LANGUAGE_STANDARD = "gnu++14";
				CLANG_CXX_LIBRARY = "libc++";
				CLANG_ENABLE_MODULES = YES;
				CLANG_ENABLE_OBJC_ARC = YES;
				CLANG_ENABLE_OBJC_WEAK = YES;
				CLANG_WARN_BLOCK_CAPTURE_AUTORELEASING = YES;
				CLANG_WARN_BOOL_CONVERSION = YES;
				CLANG_WARN_COMMA = YES;
				CLANG_WARN_CONSTANT_CONVERSION = YES;
				CLANG_WARN_DEPRECATED_OBJC_IMPLEMENTATIONS = YES;
				CLANG_WARN_DIRECT_OBJC_ISA_USAGE = YES_ERROR;
				CLANG_WARN_DOCUMENTATION_COMMENTS = YES;
				CLANG_WARN_EMPTY_BODY = YES;
				CLANG_WARN_ENUM_CONVERSION = YES;
				CLANG_WARN_INFINITE_RECURSION = YES;
				CLANG_WARN_INT_CONVERSION = YES;
				CLANG_WARN_NON_LITERAL_NULL_CONVERSION = YES;
				CLANG_WARN_OBJC_IMPLICIT_RETAIN_SELF = YES;
				CLANG_WARN_OBJC_LITERAL_CONVERSION = YES;
				CLANG_WARN_OBJC_ROOT_CLASS = YES_ERROR;
				CLANG_WARN_RANGE_LOOP_ANALYSIS = YES;
				CLANG_WARN_STRICT_PROTOTYPES = YES;
				CLANG_WARN_SUSPICIOUS_MOVE = YES;
				CLANG_WARN_UNGUARDED_AVAILABILITY = YES_AGGRESSIVE;
				CLANG_WARN_UNREACHABLE_CODE = YES;
				CLANG_WARN__DUPLICATE_METHOD_MATCH = YES;
				COPY_PHASE_STRIP = NO;
				DEBUG_INFORMATION_FORMAT = dwarf;
				ENABLE_STRICT_OBJC_MSGSEND = YES;
				ENABLE_TESTABILITY = YES;
				GCC_C_LANGUAGE_STANDARD = gnu11;
				GCC_DYNAMIC_NO_PIC = NO;
				GCC_NO_COMMON_BLOCKS = YES;
				GCC_OPTIMIZATION_LEVEL = 0;
				GCC_PREPROCESSOR_DEFINITIONS = (
					"DEBUG=1",
					"$(inherited)",
				);
				GCC_WARN_64_TO_32_BIT_CONVERSION = YES;
				GCC_WARN_ABOUT_RETURN_TYPE = YES_ERROR;
				GCC_WARN_UNDECLARED_SELECTOR = YES;
				GCC_WARN_UNINITIALIZED_AUTOS = YES_AGGRESSIVE;
				GCC_WARN_UNUSED_FUNCTION = YES;
				GCC_WARN_UNUSED_VARIABLE = YES;
				IPHONEOS_DEPLOYMENT_TARGET = 13.5;
				MTL_ENABLE_DEBUG_INFO = INCLUDE_SOURCE;
				MTL_FAST_MATH = YES;
				ONLY_ACTIVE_ARCH = YES;
				SDKROOT = iphoneos;
				SWIFT_ACTIVE_COMPILATION_CONDITIONS = DEBUG;
				SWIFT_OPTIMIZATION_LEVEL = "-Onone";
			};
			name = Debug;
		};
		4CE9165E24B448D0005F391A /* Release */ = {
			isa = XCBuildConfiguration;
			buildSettings = {
				ALWAYS_SEARCH_USER_PATHS = NO;
				CLANG_ANALYZER_NONNULL = YES;
				CLANG_ANALYZER_NUMBER_OBJECT_CONVERSION = YES_AGGRESSIVE;
				CLANG_CXX_LANGUAGE_STANDARD = "gnu++14";
				CLANG_CXX_LIBRARY = "libc++";
				CLANG_ENABLE_MODULES = YES;
				CLANG_ENABLE_OBJC_ARC = YES;
				CLANG_ENABLE_OBJC_WEAK = YES;
				CLANG_WARN_BLOCK_CAPTURE_AUTORELEASING = YES;
				CLANG_WARN_BOOL_CONVERSION = YES;
				CLANG_WARN_COMMA = YES;
				CLANG_WARN_CONSTANT_CONVERSION = YES;
				CLANG_WARN_DEPRECATED_OBJC_IMPLEMENTATIONS = YES;
				CLANG_WARN_DIRECT_OBJC_ISA_USAGE = YES_ERROR;
				CLANG_WARN_DOCUMENTATION_COMMENTS = YES;
				CLANG_WARN_EMPTY_BODY = YES;
				CLANG_WARN_ENUM_CONVERSION = YES;
				CLANG_WARN_INFINITE_RECURSION = YES;
				CLANG_WARN_INT_CONVERSION = YES;
				CLANG_WARN_NON_LITERAL_NULL_CONVERSION = YES;
				CLANG_WARN_OBJC_IMPLICIT_RETAIN_SELF = YES;
				CLANG_WARN_OBJC_LITERAL_CONVERSION = YES;
				CLANG_WARN_OBJC_ROOT_CLASS = YES_ERROR;
				CLANG_WARN_RANGE_LOOP_ANALYSIS = YES;
				CLANG_WARN_STRICT_PROTOTYPES = YES;
				CLANG_WARN_SUSPICIOUS_MOVE = YES;
				CLANG_WARN_UNGUARDED_AVAILABILITY = YES_AGGRESSIVE;
				CLANG_WARN_UNREACHABLE_CODE = YES;
				CLANG_WARN__DUPLICATE_METHOD_MATCH = YES;
				COPY_PHASE_STRIP = NO;
				DEBUG_INFORMATION_FORMAT = "dwarf-with-dsym";
				ENABLE_NS_ASSERTIONS = NO;
				ENABLE_STRICT_OBJC_MSGSEND = YES;
				GCC_C_LANGUAGE_STANDARD = gnu11;
				GCC_NO_COMMON_BLOCKS = YES;
				GCC_WARN_64_TO_32_BIT_CONVERSION = YES;
				GCC_WARN_ABOUT_RETURN_TYPE = YES_ERROR;
				GCC_WARN_UNDECLARED_SELECTOR = YES;
				GCC_WARN_UNINITIALIZED_AUTOS = YES_AGGRESSIVE;
				GCC_WARN_UNUSED_FUNCTION = YES;
				GCC_WARN_UNUSED_VARIABLE = YES;
				IPHONEOS_DEPLOYMENT_TARGET = 13.5;
				MTL_ENABLE_DEBUG_INFO = NO;
				MTL_FAST_MATH = YES;
				SDKROOT = iphoneos;
				SWIFT_COMPILATION_MODE = wholemodule;
				SWIFT_OPTIMIZATION_LEVEL = "-O";
				VALIDATE_PRODUCT = YES;
			};
			name = Release;
		};
		4CE9166024B448D0005F391A /* Debug */ = {
			isa = XCBuildConfiguration;
			buildSettings = {
				ASSETCATALOG_COMPILER_APPICON_NAME = AppIcon;
				CODE_SIGN_STYLE = Automatic;
				CURRENT_PROJECT_VERSION = 412;
				DEVELOPMENT_TEAM = S28872AG34;
				INFOPLIST_FILE = Prometheus/Info.plist;
				IPHONEOS_DEPLOYMENT_TARGET = 13.6;
				LD_RUNPATH_SEARCH_PATHS = (
					"$(inherited)",
					"@executable_path/Frameworks",
				);
				MARKETING_VERSION = 1.1;
				PRODUCT_BUNDLE_IDENTIFIER = com.emus.Prometheus;
				PRODUCT_NAME = "$(TARGET_NAME)";
				SWIFT_VERSION = 5.0;
				TARGETED_DEVICE_FAMILY = "1,2";
				VERSIONING_SYSTEM = "apple-generic";
			};
			name = Debug;
		};
		4CE9166124B448D0005F391A /* Release */ = {
			isa = XCBuildConfiguration;
			buildSettings = {
				ASSETCATALOG_COMPILER_APPICON_NAME = AppIcon;
				CODE_SIGN_STYLE = Automatic;
				CURRENT_PROJECT_VERSION = 412;
				DEVELOPMENT_TEAM = S28872AG34;
				INFOPLIST_FILE = Prometheus/Info.plist;
				IPHONEOS_DEPLOYMENT_TARGET = 13.6;
				LD_RUNPATH_SEARCH_PATHS = (
					"$(inherited)",
					"@executable_path/Frameworks",
				);
				MARKETING_VERSION = 1.1;
				PRODUCT_BUNDLE_IDENTIFIER = com.emus.Prometheus;
				PRODUCT_NAME = "$(TARGET_NAME)";
				SWIFT_VERSION = 5.0;
				TARGETED_DEVICE_FAMILY = "1,2";
				VERSIONING_SYSTEM = "apple-generic";
			};
			name = Release;
		};
		4CE9166324B448D0005F391A /* Debug */ = {
			isa = XCBuildConfiguration;
			buildSettings = {
				ALWAYS_EMBED_SWIFT_STANDARD_LIBRARIES = YES;
				BUNDLE_LOADER = "$(TEST_HOST)";
				CODE_SIGN_STYLE = Automatic;
				DEVELOPMENT_TEAM = S28872AG34;
				INFOPLIST_FILE = PrometheusTests/Info.plist;
				IPHONEOS_DEPLOYMENT_TARGET = 13.5;
				LD_RUNPATH_SEARCH_PATHS = (
					"$(inherited)",
					"@executable_path/Frameworks",
					"@loader_path/Frameworks",
				);
				PRODUCT_BUNDLE_IDENTIFIER = com.emus.PrometheusTests;
				PRODUCT_NAME = "$(TARGET_NAME)";
				SWIFT_VERSION = 5.0;
				TARGETED_DEVICE_FAMILY = "1,2";
				TEST_HOST = "$(BUILT_PRODUCTS_DIR)/Prometheus.app/Prometheus";
			};
			name = Debug;
		};
		4CE9166424B448D0005F391A /* Release */ = {
			isa = XCBuildConfiguration;
			buildSettings = {
				ALWAYS_EMBED_SWIFT_STANDARD_LIBRARIES = YES;
				BUNDLE_LOADER = "$(TEST_HOST)";
				CODE_SIGN_STYLE = Automatic;
				DEVELOPMENT_TEAM = S28872AG34;
				INFOPLIST_FILE = PrometheusTests/Info.plist;
				IPHONEOS_DEPLOYMENT_TARGET = 13.5;
				LD_RUNPATH_SEARCH_PATHS = (
					"$(inherited)",
					"@executable_path/Frameworks",
					"@loader_path/Frameworks",
				);
				PRODUCT_BUNDLE_IDENTIFIER = com.emus.PrometheusTests;
				PRODUCT_NAME = "$(TARGET_NAME)";
				SWIFT_VERSION = 5.0;
				TARGETED_DEVICE_FAMILY = "1,2";
				TEST_HOST = "$(BUILT_PRODUCTS_DIR)/Prometheus.app/Prometheus";
			};
			name = Release;
		};
		4CE9166624B448D0005F391A /* Debug */ = {
			isa = XCBuildConfiguration;
			buildSettings = {
				ALWAYS_EMBED_SWIFT_STANDARD_LIBRARIES = YES;
				CODE_SIGN_STYLE = Automatic;
				DEVELOPMENT_TEAM = S28872AG34;
				INFOPLIST_FILE = PrometheusUITests/Info.plist;
				LD_RUNPATH_SEARCH_PATHS = (
					"$(inherited)",
					"@executable_path/Frameworks",
					"@loader_path/Frameworks",
				);
				PRODUCT_BUNDLE_IDENTIFIER = com.emus.PrometheusUITests;
				PRODUCT_NAME = "$(TARGET_NAME)";
				SWIFT_VERSION = 5.0;
				TARGETED_DEVICE_FAMILY = "1,2";
				TEST_TARGET_NAME = Prometheus;
			};
			name = Debug;
		};
		4CE9166724B448D0005F391A /* Release */ = {
			isa = XCBuildConfiguration;
			buildSettings = {
				ALWAYS_EMBED_SWIFT_STANDARD_LIBRARIES = YES;
				CODE_SIGN_STYLE = Automatic;
				DEVELOPMENT_TEAM = S28872AG34;
				INFOPLIST_FILE = PrometheusUITests/Info.plist;
				LD_RUNPATH_SEARCH_PATHS = (
					"$(inherited)",
					"@executable_path/Frameworks",
					"@loader_path/Frameworks",
				);
				PRODUCT_BUNDLE_IDENTIFIER = com.emus.PrometheusUITests;
				PRODUCT_NAME = "$(TARGET_NAME)";
				SWIFT_VERSION = 5.0;
				TARGETED_DEVICE_FAMILY = "1,2";
				TEST_TARGET_NAME = Prometheus;
			};
			name = Release;
		};
/* End XCBuildConfiguration section */

/* Begin XCConfigurationList section */
		4CE9162E24B448CD005F391A /* Build configuration list for PBXProject "Prometheus" */ = {
			isa = XCConfigurationList;
			buildConfigurations = (
				4CE9165D24B448D0005F391A /* Debug */,
				4CE9165E24B448D0005F391A /* Release */,
			);
			defaultConfigurationIsVisible = 0;
			defaultConfigurationName = Release;
		};
		4CE9165F24B448D0005F391A /* Build configuration list for PBXNativeTarget "Prometheus" */ = {
			isa = XCConfigurationList;
			buildConfigurations = (
				4CE9166024B448D0005F391A /* Debug */,
				4CE9166124B448D0005F391A /* Release */,
			);
			defaultConfigurationIsVisible = 0;
			defaultConfigurationName = Release;
		};
		4CE9166224B448D0005F391A /* Build configuration list for PBXNativeTarget "PrometheusTests" */ = {
			isa = XCConfigurationList;
			buildConfigurations = (
				4CE9166324B448D0005F391A /* Debug */,
				4CE9166424B448D0005F391A /* Release */,
			);
			defaultConfigurationIsVisible = 0;
			defaultConfigurationName = Release;
		};
		4CE9166524B448D0005F391A /* Build configuration list for PBXNativeTarget "PrometheusUITests" */ = {
			isa = XCConfigurationList;
			buildConfigurations = (
				4CE9166624B448D0005F391A /* Debug */,
				4CE9166724B448D0005F391A /* Release */,
			);
			defaultConfigurationIsVisible = 0;
			defaultConfigurationName = Release;
		};
/* End XCConfigurationList section */
	};
	rootObject = 4CE9162B24B448CD005F391A /* Project object */;
}
